
Microsoft Visual Studio Solution File, Format Version 12.00
# Visual Studio Version 17
VisualStudioVersion = 17.0.31903.59
MinimumVisualStudioVersion = 10.0.40219.1
Project("{FAE04EC0-301F-11D3-BF4B-00C04F79EFBC}") = "ZP.CSharp.ZPGit", "ZP.CSharp.ZPGit\ZP.CSharp.ZPGit.csproj", "{5C64C064-9D29-44AD-85A0-82543BB9DE5F}"
EndProject
Project("{FAE04EC0-301F-11D3-BF4B-00C04F79EFBC}") = "ZP.CSharp.ZPGit.Cli", "ZP.CSharp.ZPGit.Cli\ZP.CSharp.ZPGit.Cli.csproj", "{6AE519BE-6FEB-4F79-BC93-401AFBAB5A3B}"
EndProject
Global
	GlobalSection(SolutionConfigurationPlatforms) = preSolution
		Debug|Any CPU = Debug|Any CPU
		Release|Any CPU = Release|Any CPU
	EndGlobalSection
	GlobalSection(SolutionProperties) = preSolution
		HideSolutionNode = FALSE
	EndGlobalSection
	GlobalSection(ProjectConfigurationPlatforms) = postSolution
		{5C64C064-9D29-44AD-85A0-82543BB9DE5F}.Debug|Any CPU.ActiveCfg = Debug|Any CPU
		{5C64C064-9D29-44AD-85A0-82543BB9DE5F}.Debug|Any CPU.Build.0 = Debug|Any CPU
		{5C64C064-9D29-44AD-85A0-82543BB9DE5F}.Release|Any CPU.ActiveCfg = Release|Any CPU
		{5C64C064-9D29-44AD-85A0-82543BB9DE5F}.Release|Any CPU.Build.0 = Release|Any CPU
		{6AE519BE-6FEB-4F79-BC93-401AFBAB5A3B}.Debug|Any CPU.ActiveCfg = Debug|Any CPU
		{6AE519BE-6FEB-4F79-BC93-401AFBAB5A3B}.Debug|Any CPU.Build.0 = Debug|Any CPU
		{6AE519BE-6FEB-4F79-BC93-401AFBAB5A3B}.Release|Any CPU.ActiveCfg = Release|Any CPU
		{6AE519BE-6FEB-4F79-BC93-401AFBAB5A3B}.Release|Any CPU.Build.0 = Release|Any CPU
	EndGlobalSection
EndGlobal
